// !$*UTF8*$!
{
	archiveVersion = 1;
	classes = {
	};
	objectVersion = 54;
	objects = {

/* Begin PBXBuildFile section */
		07306381261B3931001A0E91 /* main.jsbundle in Resources */ = {isa = PBXBuildFile; fileRef = 07306380261B3931001A0E91 /* main.jsbundle */; };
		07306385261B3DE7001A0E91 /* LaunchScreen.storyboard in Resources */ = {isa = PBXBuildFile; fileRef = 07306384261B3DE7001A0E91 /* LaunchScreen.storyboard */; };
		0730638A261B458C001A0E91 /* assets in Resources */ = {isa = PBXBuildFile; fileRef = 07306389261B458C001A0E91 /* assets */; };
		0775841C2619D88B00F436BE /* FirebaseAnalytics.xcframework in Frameworks */ = {isa = PBXBuildFile; fileRef = 077583EE2619D88B00F436BE /* FirebaseAnalytics.xcframework */; };
		0775841D2619D88B00F436BE /* FirebaseAnalytics.xcframework in Embed Frameworks */ = {isa = PBXBuildFile; fileRef = 077583EE2619D88B00F436BE /* FirebaseAnalytics.xcframework */; settings = {ATTRIBUTES = (CodeSignOnCopy, RemoveHeadersOnCopy, ); }; };
		0775841E2619D88B00F436BE /* GoogleAppMeasurement.xcframework in Frameworks */ = {isa = PBXBuildFile; fileRef = 077583EF2619D88B00F436BE /* GoogleAppMeasurement.xcframework */; };
		0775841F2619D88B00F436BE /* GoogleAppMeasurement.xcframework in Embed Frameworks */ = {isa = PBXBuildFile; fileRef = 077583EF2619D88B00F436BE /* GoogleAppMeasurement.xcframework */; settings = {ATTRIBUTES = (CodeSignOnCopy, RemoveHeadersOnCopy, ); }; };
		077584202619D88B00F436BE /* libDoubleConversion.a in Frameworks */ = {isa = PBXBuildFile; fileRef = 077583F02619D88B00F436BE /* libDoubleConversion.a */; };
		077584212619D88B00F436BE /* libFBReactNativeSpec.a in Frameworks */ = {isa = PBXBuildFile; fileRef = 077583F12619D88B00F436BE /* libFBReactNativeSpec.a */; };
		077584222619D88B00F436BE /* libFirebaseCore.a in Frameworks */ = {isa = PBXBuildFile; fileRef = 077583F22619D88B00F436BE /* libFirebaseCore.a */; };
		077584232619D88B00F436BE /* libFirebaseCoreDiagnostics.a in Frameworks */ = {isa = PBXBuildFile; fileRef = 077583F32619D88B00F436BE /* libFirebaseCoreDiagnostics.a */; };
		077584242619D88B00F436BE /* libFirebaseInstallations.a in Frameworks */ = {isa = PBXBuildFile; fileRef = 077583F42619D88B00F436BE /* libFirebaseInstallations.a */; };
		077584252619D88B00F436BE /* libglog.a in Frameworks */ = {isa = PBXBuildFile; fileRef = 077583F52619D88B00F436BE /* libglog.a */; };
		077584262619D88B00F436BE /* libGoogleDataTransport.a in Frameworks */ = {isa = PBXBuildFile; fileRef = 077583F62619D88B00F436BE /* libGoogleDataTransport.a */; };
		077584272619D88B00F436BE /* libGoogleUtilities.a in Frameworks */ = {isa = PBXBuildFile; fileRef = 077583F72619D88B00F436BE /* libGoogleUtilities.a */; };
		077584282619D88B00F436BE /* libnanopb.a in Frameworks */ = {isa = PBXBuildFile; fileRef = 077583F82619D88B00F436BE /* libnanopb.a */; };
		077584292619D88B00F436BE /* libPods-AsuCare.a in Frameworks */ = {isa = PBXBuildFile; fileRef = C8A03F174B0CEE8010DB4970 /* libPods-AsuCare.a */; };
		0775842A2619D88B00F436BE /* libPromisesObjC.a in Frameworks */ = {isa = PBXBuildFile; fileRef = 077583F92619D88B00F436BE /* libPromisesObjC.a */; };
		0775842B2619D88B00F436BE /* libRCT-Folly.a in Frameworks */ = {isa = PBXBuildFile; fileRef = 077583FA2619D88B00F436BE /* libRCT-Folly.a */; };
		0775842C2619D88B00F436BE /* libRCTTypeSafety.a in Frameworks */ = {isa = PBXBuildFile; fileRef = 077583FB2619D88B00F436BE /* libRCTTypeSafety.a */; };
		0775842D2619D88B00F436BE /* libReact-Core.a in Frameworks */ = {isa = PBXBuildFile; fileRef = 077583FC2619D88B00F436BE /* libReact-Core.a */; };
		0775842E2619D88B00F436BE /* libReact-CoreModules.a in Frameworks */ = {isa = PBXBuildFile; fileRef = 077583FD2619D88B00F436BE /* libReact-CoreModules.a */; };
		0775842F2619D88B00F436BE /* libReact-cxxreact.a in Frameworks */ = {isa = PBXBuildFile; fileRef = 077583FE2619D88B00F436BE /* libReact-cxxreact.a */; };
		077584302619D88B00F436BE /* libReact-jsi.a in Frameworks */ = {isa = PBXBuildFile; fileRef = 077583FF2619D88B00F436BE /* libReact-jsi.a */; };
		077584312619D88B00F436BE /* libReact-jsiexecutor.a in Frameworks */ = {isa = PBXBuildFile; fileRef = 077584002619D88B00F436BE /* libReact-jsiexecutor.a */; };
		077584322619D88B00F436BE /* libReact-jsinspector.a in Frameworks */ = {isa = PBXBuildFile; fileRef = 077584012619D88B00F436BE /* libReact-jsinspector.a */; };
		077584332619D88B00F436BE /* libreact-native-background-timer.a in Frameworks */ = {isa = PBXBuildFile; fileRef = 077584022619D88B00F436BE /* libreact-native-background-timer.a */; };
		077584342619D88B00F436BE /* libreact-native-cookies.a in Frameworks */ = {isa = PBXBuildFile; fileRef = 077584032619D88B00F436BE /* libreact-native-cookies.a */; };
		077584352619D88B00F436BE /* libreact-native-image-picker.a in Frameworks */ = {isa = PBXBuildFile; fileRef = 077584042619D88B00F436BE /* libreact-native-image-picker.a */; };
		077584362619D88B00F436BE /* libreact-native-progress-view.a in Frameworks */ = {isa = PBXBuildFile; fileRef = 077584052619D88B00F436BE /* libreact-native-progress-view.a */; };
		077584372619D88B00F436BE /* libreact-native-safe-area-context.a in Frameworks */ = {isa = PBXBuildFile; fileRef = 077584062619D88B00F436BE /* libreact-native-safe-area-context.a */; };
		077584382619D88C00F436BE /* libreact-native-video.a in Frameworks */ = {isa = PBXBuildFile; fileRef = 077584072619D88B00F436BE /* libreact-native-video.a */; };
		077584392619D88C00F436BE /* libReact-perflogger.a in Frameworks */ = {isa = PBXBuildFile; fileRef = 077584082619D88B00F436BE /* libReact-perflogger.a */; };
		0775843A2619D88C00F436BE /* libReact-RCTAnimation.a in Frameworks */ = {isa = PBXBuildFile; fileRef = 077584092619D88B00F436BE /* libReact-RCTAnimation.a */; };
		0775843B2619D88C00F436BE /* libReact-RCTBlob.a in Frameworks */ = {isa = PBXBuildFile; fileRef = 0775840A2619D88B00F436BE /* libReact-RCTBlob.a */; };
		0775843C2619D88C00F436BE /* libReact-RCTImage.a in Frameworks */ = {isa = PBXBuildFile; fileRef = 0775840B2619D88B00F436BE /* libReact-RCTImage.a */; };
		0775843D2619D88C00F436BE /* libReact-RCTLinking.a in Frameworks */ = {isa = PBXBuildFile; fileRef = 0775840C2619D88B00F436BE /* libReact-RCTLinking.a */; };
		0775843E2619D88C00F436BE /* libReact-RCTNetwork.a in Frameworks */ = {isa = PBXBuildFile; fileRef = 0775840D2619D88B00F436BE /* libReact-RCTNetwork.a */; };
		0775843F2619D88C00F436BE /* libReact-RCTSettings.a in Frameworks */ = {isa = PBXBuildFile; fileRef = 0775840E2619D88B00F436BE /* libReact-RCTSettings.a */; };
		077584402619D88C00F436BE /* libReact-RCTText.a in Frameworks */ = {isa = PBXBuildFile; fileRef = 0775840F2619D88B00F436BE /* libReact-RCTText.a */; };
		077584412619D88C00F436BE /* libReact-RCTVibration.a in Frameworks */ = {isa = PBXBuildFile; fileRef = 077584102619D88B00F436BE /* libReact-RCTVibration.a */; };
		077584422619D88C00F436BE /* libReactCommon.a in Frameworks */ = {isa = PBXBuildFile; fileRef = 077584112619D88B00F436BE /* libReactCommon.a */; };
		077584432619D88C00F436BE /* libRNCAsyncStorage.a in Frameworks */ = {isa = PBXBuildFile; fileRef = 077584122619D88B00F436BE /* libRNCAsyncStorage.a */; };
		077584442619D88C00F436BE /* libRNCMaskedView.a in Frameworks */ = {isa = PBXBuildFile; fileRef = 077584132619D88B00F436BE /* libRNCMaskedView.a */; };
		077584452619D88C00F436BE /* libRNFirebase.a in Frameworks */ = {isa = PBXBuildFile; fileRef = 077584142619D88B00F436BE /* libRNFirebase.a */; };
		077584462619D88C00F436BE /* libRNGestureHandler.a in Frameworks */ = {isa = PBXBuildFile; fileRef = 077584152619D88B00F436BE /* libRNGestureHandler.a */; };
		077584472619D88C00F436BE /* libRNReanimated.a in Frameworks */ = {isa = PBXBuildFile; fileRef = 077584162619D88B00F436BE /* libRNReanimated.a */; };
		077584482619D88C00F436BE /* libRNScreens.a in Frameworks */ = {isa = PBXBuildFile; fileRef = 077584172619D88B00F436BE /* libRNScreens.a */; };
		077584492619D88C00F436BE /* libRNVectorIcons.a in Frameworks */ = {isa = PBXBuildFile; fileRef = 077584182619D88B00F436BE /* libRNVectorIcons.a */; };
		0775844A2619D88C00F436BE /* libtoolbar-android.a in Frameworks */ = {isa = PBXBuildFile; fileRef = 077584192619D88B00F436BE /* libtoolbar-android.a */; };
		0775844B2619D88C00F436BE /* libYoga.a in Frameworks */ = {isa = PBXBuildFile; fileRef = 0775841A2619D88B00F436BE /* libYoga.a */; };
		07908E2526153165005FAD6D /* GoogleService-Info.plist in Resources */ = {isa = PBXBuildFile; fileRef = 07908E1E26153165005FAD6D /* GoogleService-Info.plist */; };
		07908E2626153165005FAD6D /* Images.xcassets in Resources */ = {isa = PBXBuildFile; fileRef = 07908E1F26153165005FAD6D /* Images.xcassets */; };
		07908E2726153165005FAD6D /* AppDelegate.m in Sources */ = {isa = PBXBuildFile; fileRef = 07908E2026153165005FAD6D /* AppDelegate.m */; };
		07908E2826153165005FAD6D /* Base.lproj in Resources */ = {isa = PBXBuildFile; fileRef = 07908E2226153165005FAD6D /* Base.lproj */; };
		07908E2A26153165005FAD6D /* main.m in Sources */ = {isa = PBXBuildFile; fileRef = 07908E2426153165005FAD6D /* main.m */; };
		07908E2C2615D4DB005FAD6D /* libDoubleConversion.a in Frameworks */ = {isa = PBXBuildFile; fileRef = 07908E2B2615D4DB005FAD6D /* libDoubleConversion.a */; settings = {ATTRIBUTES = (Required, ); }; };
		F83D2039F4E94B6C610791D5 /* libPods-AsuCare.a in Frameworks */ = {isa = PBXBuildFile; fileRef = C8A03F174B0CEE8010DB4970 /* libPods-AsuCare.a */; };
/* End PBXBuildFile section */

/* Begin PBXContainerItemProxy section */
		00E356F41AD99517003FC87E /* PBXContainerItemProxy */ = {
			isa = PBXContainerItemProxy;
			containerPortal = 83CBB9F71A601CBA00E9B192 /* Project object */;
			proxyType = 1;
			remoteGlobalIDString = 13B07F861A680F5B00A75B9A;
			remoteInfo = AsuCare;
		};
/* End PBXContainerItemProxy section */

/* Begin PBXCopyFilesBuildPhase section */
		0775844D2619D88D00F436BE /* Embed Frameworks */ = {
			isa = PBXCopyFilesBuildPhase;
			buildActionMask = 2147483647;
			dstPath = "";
			dstSubfolderSpec = 10;
			files = (
				0775841F2619D88B00F436BE /* GoogleAppMeasurement.xcframework in Embed Frameworks */,
				0775841D2619D88B00F436BE /* FirebaseAnalytics.xcframework in Embed Frameworks */,
			);
			name = "Embed Frameworks";
			runOnlyForDeploymentPostprocessing = 0;
		};
/* End PBXCopyFilesBuildPhase section */

/* Begin PBXFileReference section */
		00E356EE1AD99517003FC87E /* AsuCareTests.xctest */ = {isa = PBXFileReference; explicitFileType = wrapper.cfbundle; includeInIndex = 0; path = AsuCareTests.xctest; sourceTree = BUILT_PRODUCTS_DIR; };
		07306380261B3931001A0E91 /* main.jsbundle */ = {isa = PBXFileReference; fileEncoding = 4; lastKnownFileType = text; path = main.jsbundle; sourceTree = "<group>"; };
		07306384261B3DE7001A0E91 /* LaunchScreen.storyboard */ = {isa = PBXFileReference; fileEncoding = 4; lastKnownFileType = file.storyboard; path = LaunchScreen.storyboard; sourceTree = "<group>"; };
		07306389261B458C001A0E91 /* assets */ = {isa = PBXFileReference; lastKnownFileType = folder; name = assets; path = assets/src/assets; sourceTree = "<group>"; };
		077583ED2619D88B00F436BE /* AccessibilityResources.bundle */ = {isa = PBXFileReference; explicitFileType = wrapper.cfbundle; path = AccessibilityResources.bundle; sourceTree = BUILT_PRODUCTS_DIR; };
		077583EE2619D88B00F436BE /* FirebaseAnalytics.xcframework */ = {isa = PBXFileReference; lastKnownFileType = wrapper.xcframework; name = FirebaseAnalytics.xcframework; path = Pods/FirebaseAnalytics/Frameworks/FirebaseAnalytics.xcframework; sourceTree = "<group>"; };
		077583EF2619D88B00F436BE /* GoogleAppMeasurement.xcframework */ = {isa = PBXFileReference; lastKnownFileType = wrapper.xcframework; name = GoogleAppMeasurement.xcframework; path = Pods/GoogleAppMeasurement/Frameworks/GoogleAppMeasurement.xcframework; sourceTree = "<group>"; };
		077583F02619D88B00F436BE /* libDoubleConversion.a */ = {isa = PBXFileReference; explicitFileType = archive.ar; path = libDoubleConversion.a; sourceTree = BUILT_PRODUCTS_DIR; };
		077583F12619D88B00F436BE /* libFBReactNativeSpec.a */ = {isa = PBXFileReference; explicitFileType = archive.ar; path = libFBReactNativeSpec.a; sourceTree = BUILT_PRODUCTS_DIR; };
		077583F22619D88B00F436BE /* libFirebaseCore.a */ = {isa = PBXFileReference; explicitFileType = archive.ar; path = libFirebaseCore.a; sourceTree = BUILT_PRODUCTS_DIR; };
		077583F32619D88B00F436BE /* libFirebaseCoreDiagnostics.a */ = {isa = PBXFileReference; explicitFileType = archive.ar; path = libFirebaseCoreDiagnostics.a; sourceTree = BUILT_PRODUCTS_DIR; };
		077583F42619D88B00F436BE /* libFirebaseInstallations.a */ = {isa = PBXFileReference; explicitFileType = archive.ar; path = libFirebaseInstallations.a; sourceTree = BUILT_PRODUCTS_DIR; };
		077583F52619D88B00F436BE /* libglog.a */ = {isa = PBXFileReference; explicitFileType = archive.ar; path = libglog.a; sourceTree = BUILT_PRODUCTS_DIR; };
		077583F62619D88B00F436BE /* libGoogleDataTransport.a */ = {isa = PBXFileReference; explicitFileType = archive.ar; path = libGoogleDataTransport.a; sourceTree = BUILT_PRODUCTS_DIR; };
		077583F72619D88B00F436BE /* libGoogleUtilities.a */ = {isa = PBXFileReference; explicitFileType = archive.ar; path = libGoogleUtilities.a; sourceTree = BUILT_PRODUCTS_DIR; };
		077583F82619D88B00F436BE /* libnanopb.a */ = {isa = PBXFileReference; explicitFileType = archive.ar; path = libnanopb.a; sourceTree = BUILT_PRODUCTS_DIR; };
		077583F92619D88B00F436BE /* libPromisesObjC.a */ = {isa = PBXFileReference; explicitFileType = archive.ar; path = libPromisesObjC.a; sourceTree = BUILT_PRODUCTS_DIR; };
		077583FA2619D88B00F436BE /* libRCT-Folly.a */ = {isa = PBXFileReference; explicitFileType = archive.ar; path = "libRCT-Folly.a"; sourceTree = BUILT_PRODUCTS_DIR; };
		077583FB2619D88B00F436BE /* libRCTTypeSafety.a */ = {isa = PBXFileReference; explicitFileType = archive.ar; path = libRCTTypeSafety.a; sourceTree = BUILT_PRODUCTS_DIR; };
		077583FC2619D88B00F436BE /* libReact-Core.a */ = {isa = PBXFileReference; explicitFileType = archive.ar; path = "libReact-Core.a"; sourceTree = BUILT_PRODUCTS_DIR; };
		077583FD2619D88B00F436BE /* libReact-CoreModules.a */ = {isa = PBXFileReference; explicitFileType = archive.ar; path = "libReact-CoreModules.a"; sourceTree = BUILT_PRODUCTS_DIR; };
		077583FE2619D88B00F436BE /* libReact-cxxreact.a */ = {isa = PBXFileReference; explicitFileType = archive.ar; path = "libReact-cxxreact.a"; sourceTree = BUILT_PRODUCTS_DIR; };
		077583FF2619D88B00F436BE /* libReact-jsi.a */ = {isa = PBXFileReference; explicitFileType = archive.ar; path = "libReact-jsi.a"; sourceTree = BUILT_PRODUCTS_DIR; };
		077584002619D88B00F436BE /* libReact-jsiexecutor.a */ = {isa = PBXFileReference; explicitFileType = archive.ar; path = "libReact-jsiexecutor.a"; sourceTree = BUILT_PRODUCTS_DIR; };
		077584012619D88B00F436BE /* libReact-jsinspector.a */ = {isa = PBXFileReference; explicitFileType = archive.ar; path = "libReact-jsinspector.a"; sourceTree = BUILT_PRODUCTS_DIR; };
		077584022619D88B00F436BE /* libreact-native-background-timer.a */ = {isa = PBXFileReference; explicitFileType = archive.ar; path = "libreact-native-background-timer.a"; sourceTree = BUILT_PRODUCTS_DIR; };
		077584032619D88B00F436BE /* libreact-native-cookies.a */ = {isa = PBXFileReference; explicitFileType = archive.ar; path = "libreact-native-cookies.a"; sourceTree = BUILT_PRODUCTS_DIR; };
		077584042619D88B00F436BE /* libreact-native-image-picker.a */ = {isa = PBXFileReference; explicitFileType = archive.ar; path = "libreact-native-image-picker.a"; sourceTree = BUILT_PRODUCTS_DIR; };
		077584052619D88B00F436BE /* libreact-native-progress-view.a */ = {isa = PBXFileReference; explicitFileType = archive.ar; path = "libreact-native-progress-view.a"; sourceTree = BUILT_PRODUCTS_DIR; };
		077584062619D88B00F436BE /* libreact-native-safe-area-context.a */ = {isa = PBXFileReference; explicitFileType = archive.ar; path = "libreact-native-safe-area-context.a"; sourceTree = BUILT_PRODUCTS_DIR; };
		077584072619D88B00F436BE /* libreact-native-video.a */ = {isa = PBXFileReference; explicitFileType = archive.ar; path = "libreact-native-video.a"; sourceTree = BUILT_PRODUCTS_DIR; };
		077584082619D88B00F436BE /* libReact-perflogger.a */ = {isa = PBXFileReference; explicitFileType = archive.ar; path = "libReact-perflogger.a"; sourceTree = BUILT_PRODUCTS_DIR; };
		077584092619D88B00F436BE /* libReact-RCTAnimation.a */ = {isa = PBXFileReference; explicitFileType = archive.ar; path = "libReact-RCTAnimation.a"; sourceTree = BUILT_PRODUCTS_DIR; };
		0775840A2619D88B00F436BE /* libReact-RCTBlob.a */ = {isa = PBXFileReference; explicitFileType = archive.ar; path = "libReact-RCTBlob.a"; sourceTree = BUILT_PRODUCTS_DIR; };
		0775840B2619D88B00F436BE /* libReact-RCTImage.a */ = {isa = PBXFileReference; explicitFileType = archive.ar; path = "libReact-RCTImage.a"; sourceTree = BUILT_PRODUCTS_DIR; };
		0775840C2619D88B00F436BE /* libReact-RCTLinking.a */ = {isa = PBXFileReference; explicitFileType = archive.ar; path = "libReact-RCTLinking.a"; sourceTree = BUILT_PRODUCTS_DIR; };
		0775840D2619D88B00F436BE /* libReact-RCTNetwork.a */ = {isa = PBXFileReference; explicitFileType = archive.ar; path = "libReact-RCTNetwork.a"; sourceTree = BUILT_PRODUCTS_DIR; };
		0775840E2619D88B00F436BE /* libReact-RCTSettings.a */ = {isa = PBXFileReference; explicitFileType = archive.ar; path = "libReact-RCTSettings.a"; sourceTree = BUILT_PRODUCTS_DIR; };
		0775840F2619D88B00F436BE /* libReact-RCTText.a */ = {isa = PBXFileReference; explicitFileType = archive.ar; path = "libReact-RCTText.a"; sourceTree = BUILT_PRODUCTS_DIR; };
		077584102619D88B00F436BE /* libReact-RCTVibration.a */ = {isa = PBXFileReference; explicitFileType = archive.ar; path = "libReact-RCTVibration.a"; sourceTree = BUILT_PRODUCTS_DIR; };
		077584112619D88B00F436BE /* libReactCommon.a */ = {isa = PBXFileReference; explicitFileType = archive.ar; path = libReactCommon.a; sourceTree = BUILT_PRODUCTS_DIR; };
		077584122619D88B00F436BE /* libRNCAsyncStorage.a */ = {isa = PBXFileReference; explicitFileType = archive.ar; path = libRNCAsyncStorage.a; sourceTree = BUILT_PRODUCTS_DIR; };
		077584132619D88B00F436BE /* libRNCMaskedView.a */ = {isa = PBXFileReference; explicitFileType = archive.ar; path = libRNCMaskedView.a; sourceTree = BUILT_PRODUCTS_DIR; };
		077584142619D88B00F436BE /* libRNFirebase.a */ = {isa = PBXFileReference; explicitFileType = archive.ar; path = libRNFirebase.a; sourceTree = BUILT_PRODUCTS_DIR; };
		077584152619D88B00F436BE /* libRNGestureHandler.a */ = {isa = PBXFileReference; explicitFileType = archive.ar; path = libRNGestureHandler.a; sourceTree = BUILT_PRODUCTS_DIR; };
		077584162619D88B00F436BE /* libRNReanimated.a */ = {isa = PBXFileReference; explicitFileType = archive.ar; path = libRNReanimated.a; sourceTree = BUILT_PRODUCTS_DIR; };
		077584172619D88B00F436BE /* libRNScreens.a */ = {isa = PBXFileReference; explicitFileType = archive.ar; path = libRNScreens.a; sourceTree = BUILT_PRODUCTS_DIR; };
		077584182619D88B00F436BE /* libRNVectorIcons.a */ = {isa = PBXFileReference; explicitFileType = archive.ar; path = libRNVectorIcons.a; sourceTree = BUILT_PRODUCTS_DIR; };
		077584192619D88B00F436BE /* libtoolbar-android.a */ = {isa = PBXFileReference; explicitFileType = archive.ar; path = "libtoolbar-android.a"; sourceTree = BUILT_PRODUCTS_DIR; };
		0775841A2619D88B00F436BE /* libYoga.a */ = {isa = PBXFileReference; explicitFileType = archive.ar; path = libYoga.a; sourceTree = BUILT_PRODUCTS_DIR; };
		07908E1E26153165005FAD6D /* GoogleService-Info.plist */ = {isa = PBXFileReference; fileEncoding = 4; lastKnownFileType = text.plist.xml; name = "GoogleService-Info.plist"; path = "CoronaApp/GoogleService-Info.plist"; sourceTree = "<group>"; };
		07908E1F26153165005FAD6D /* Images.xcassets */ = {isa = PBXFileReference; lastKnownFileType = folder.assetcatalog; name = Images.xcassets; path = CoronaApp/Images.xcassets; sourceTree = "<group>"; };
		07908E2026153165005FAD6D /* AppDelegate.m */ = {isa = PBXFileReference; fileEncoding = 4; lastKnownFileType = sourcecode.c.objc; name = AppDelegate.m; path = CoronaApp/AppDelegate.m; sourceTree = "<group>"; };
		07908E2126153165005FAD6D /* AppDelegate.h */ = {isa = PBXFileReference; fileEncoding = 4; lastKnownFileType = sourcecode.c.h; name = AppDelegate.h; path = CoronaApp/AppDelegate.h; sourceTree = "<group>"; };
		07908E2226153165005FAD6D /* Base.lproj */ = {isa = PBXFileReference; lastKnownFileType = folder; name = Base.lproj; path = CoronaApp/Base.lproj; sourceTree = "<group>"; };
		07908E2326153165005FAD6D /* Info.plist */ = {isa = PBXFileReference; fileEncoding = 4; lastKnownFileType = text.plist.xml; name = Info.plist; path = CoronaApp/Info.plist; sourceTree = "<group>"; };
		07908E2426153165005FAD6D /* main.m */ = {isa = PBXFileReference; fileEncoding = 4; lastKnownFileType = sourcecode.c.objc; name = main.m; path = CoronaApp/main.m; sourceTree = "<group>"; };
		07908E2B2615D4DB005FAD6D /* libDoubleConversion.a */ = {isa = PBXFileReference; explicitFileType = archive.ar; path = libDoubleConversion.a; sourceTree = BUILT_PRODUCTS_DIR; };
		13B07F961A680F5B00A75B9A /* AsuCare.app */ = {isa = PBXFileReference; explicitFileType = wrapper.application; includeInIndex = 0; path = AsuCare.app; sourceTree = BUILT_PRODUCTS_DIR; };
		C8A03F174B0CEE8010DB4970 /* libPods-AsuCare.a */ = {isa = PBXFileReference; explicitFileType = archive.ar; includeInIndex = 0; path = "libPods-AsuCare.a"; sourceTree = BUILT_PRODUCTS_DIR; };
		CF5B7A077860177C43D70EE6 /* Pods-AsuCare.debug.xcconfig */ = {isa = PBXFileReference; includeInIndex = 1; lastKnownFileType = text.xcconfig; name = "Pods-AsuCare.debug.xcconfig"; path = "Target Support Files/Pods-AsuCare/Pods-AsuCare.debug.xcconfig"; sourceTree = "<group>"; };
		D8D921B768A356E008AB0819 /* Pods-AsuCare.release.xcconfig */ = {isa = PBXFileReference; includeInIndex = 1; lastKnownFileType = text.xcconfig; name = "Pods-AsuCare.release.xcconfig"; path = "Target Support Files/Pods-AsuCare/Pods-AsuCare.release.xcconfig"; sourceTree = "<group>"; };
		ED297162215061F000B7C4FE /* JavaScriptCore.framework */ = {isa = PBXFileReference; lastKnownFileType = wrapper.framework; name = JavaScriptCore.framework; path = System/Library/Frameworks/JavaScriptCore.framework; sourceTree = SDKROOT; };
/* End PBXFileReference section */

/* Begin PBXFrameworksBuildPhase section */
		00E356EB1AD99517003FC87E /* Frameworks */ = {
			isa = PBXFrameworksBuildPhase;
			buildActionMask = 2147483647;
			files = (
			);
			runOnlyForDeploymentPostprocessing = 0;
		};
		13B07F8C1A680F5B00A75B9A /* Frameworks */ = {
			isa = PBXFrameworksBuildPhase;
			buildActionMask = 2147483647;
			files = (
				0775842C2619D88B00F436BE /* libRCTTypeSafety.a in Frameworks */,
				077584472619D88C00F436BE /* libRNReanimated.a in Frameworks */,
				077584302619D88B00F436BE /* libReact-jsi.a in Frameworks */,
				0775842B2619D88B00F436BE /* libRCT-Folly.a in Frameworks */,
				0775843A2619D88C00F436BE /* libReact-RCTAnimation.a in Frameworks */,
				077584222619D88B00F436BE /* libFirebaseCore.a in Frameworks */,
				077584372619D88B00F436BE /* libreact-native-safe-area-context.a in Frameworks */,
				0775842A2619D88B00F436BE /* libPromisesObjC.a in Frameworks */,
				07908E2C2615D4DB005FAD6D /* libDoubleConversion.a in Frameworks */,
				077584432619D88C00F436BE /* libRNCAsyncStorage.a in Frameworks */,
				077584262619D88B00F436BE /* libGoogleDataTransport.a in Frameworks */,
				077584272619D88B00F436BE /* libGoogleUtilities.a in Frameworks */,
				0775843C2619D88C00F436BE /* libReact-RCTImage.a in Frameworks */,
				077584202619D88B00F436BE /* libDoubleConversion.a in Frameworks */,
				077584482619D88C00F436BE /* libRNScreens.a in Frameworks */,
				077584392619D88C00F436BE /* libReact-perflogger.a in Frameworks */,
				0775842D2619D88B00F436BE /* libReact-Core.a in Frameworks */,
				F83D2039F4E94B6C610791D5 /* libPods-AsuCare.a in Frameworks */,
				077584382619D88C00F436BE /* libreact-native-video.a in Frameworks */,
				0775842E2619D88B00F436BE /* libReact-CoreModules.a in Frameworks */,
				077584292619D88B00F436BE /* libPods-AsuCare.a in Frameworks */,
				0775843F2619D88C00F436BE /* libReact-RCTSettings.a in Frameworks */,
				077584322619D88B00F436BE /* libReact-jsinspector.a in Frameworks */,
				077584282619D88B00F436BE /* libnanopb.a in Frameworks */,
				0775844A2619D88C00F436BE /* libtoolbar-android.a in Frameworks */,
				0775843D2619D88C00F436BE /* libReact-RCTLinking.a in Frameworks */,
				077584412619D88C00F436BE /* libReact-RCTVibration.a in Frameworks */,
				077584232619D88B00F436BE /* libFirebaseCoreDiagnostics.a in Frameworks */,
				077584492619D88C00F436BE /* libRNVectorIcons.a in Frameworks */,
				077584312619D88B00F436BE /* libReact-jsiexecutor.a in Frameworks */,
				077584422619D88C00F436BE /* libReactCommon.a in Frameworks */,
				077584242619D88B00F436BE /* libFirebaseInstallations.a in Frameworks */,
				077584462619D88C00F436BE /* libRNGestureHandler.a in Frameworks */,
				077584252619D88B00F436BE /* libglog.a in Frameworks */,
				0775841E2619D88B00F436BE /* GoogleAppMeasurement.xcframework in Frameworks */,
				0775843E2619D88C00F436BE /* libReact-RCTNetwork.a in Frameworks */,
				077584352619D88B00F436BE /* libreact-native-image-picker.a in Frameworks */,
				077584442619D88C00F436BE /* libRNCMaskedView.a in Frameworks */,
				077584362619D88B00F436BE /* libreact-native-progress-view.a in Frameworks */,
				077584342619D88B00F436BE /* libreact-native-cookies.a in Frameworks */,
				0775841C2619D88B00F436BE /* FirebaseAnalytics.xcframework in Frameworks */,
				077584452619D88C00F436BE /* libRNFirebase.a in Frameworks */,
				0775843B2619D88C00F436BE /* libReact-RCTBlob.a in Frameworks */,
				077584402619D88C00F436BE /* libReact-RCTText.a in Frameworks */,
				077584212619D88B00F436BE /* libFBReactNativeSpec.a in Frameworks */,
				077584332619D88B00F436BE /* libreact-native-background-timer.a in Frameworks */,
				0775842F2619D88B00F436BE /* libReact-cxxreact.a in Frameworks */,
				0775844B2619D88C00F436BE /* libYoga.a in Frameworks */,
			);
			runOnlyForDeploymentPostprocessing = 0;
		};
/* End PBXFrameworksBuildPhase section */

/* Begin PBXGroup section */
		13B07FAE1A68108700A75B9A /* AsuCare */ = {
			isa = PBXGroup;
			children = (
				07306389261B458C001A0E91 /* assets */,
				07908E2126153165005FAD6D /* AppDelegate.h */,
				07908E2026153165005FAD6D /* AppDelegate.m */,
				07306384261B3DE7001A0E91 /* LaunchScreen.storyboard */,
				07908E2226153165005FAD6D /* Base.lproj */,
				07908E1E26153165005FAD6D /* GoogleService-Info.plist */,
				07908E1F26153165005FAD6D /* Images.xcassets */,
				07908E2326153165005FAD6D /* Info.plist */,
				07908E2426153165005FAD6D /* main.m */,
			);
			name = AsuCare;
			sourceTree = "<group>";
		};
		2D16E6871FA4F8E400B85C8A /* Frameworks */ = {
			isa = PBXGroup;
			children = (
				077583ED2619D88B00F436BE /* AccessibilityResources.bundle */,
				077583EE2619D88B00F436BE /* FirebaseAnalytics.xcframework */,
				077583EF2619D88B00F436BE /* GoogleAppMeasurement.xcframework */,
				077583F02619D88B00F436BE /* libDoubleConversion.a */,
				077583F12619D88B00F436BE /* libFBReactNativeSpec.a */,
				077583F22619D88B00F436BE /* libFirebaseCore.a */,
				077583F32619D88B00F436BE /* libFirebaseCoreDiagnostics.a */,
				077583F42619D88B00F436BE /* libFirebaseInstallations.a */,
				077583F52619D88B00F436BE /* libglog.a */,
				077583F62619D88B00F436BE /* libGoogleDataTransport.a */,
				077583F72619D88B00F436BE /* libGoogleUtilities.a */,
				077583F82619D88B00F436BE /* libnanopb.a */,
				077583F92619D88B00F436BE /* libPromisesObjC.a */,
				077583FA2619D88B00F436BE /* libRCT-Folly.a */,
				077583FB2619D88B00F436BE /* libRCTTypeSafety.a */,
				077583FC2619D88B00F436BE /* libReact-Core.a */,
				077583FD2619D88B00F436BE /* libReact-CoreModules.a */,
				077583FE2619D88B00F436BE /* libReact-cxxreact.a */,
				077583FF2619D88B00F436BE /* libReact-jsi.a */,
				077584002619D88B00F436BE /* libReact-jsiexecutor.a */,
				077584012619D88B00F436BE /* libReact-jsinspector.a */,
				077584022619D88B00F436BE /* libreact-native-background-timer.a */,
				077584032619D88B00F436BE /* libreact-native-cookies.a */,
				077584042619D88B00F436BE /* libreact-native-image-picker.a */,
				077584052619D88B00F436BE /* libreact-native-progress-view.a */,
				077584062619D88B00F436BE /* libreact-native-safe-area-context.a */,
				077584072619D88B00F436BE /* libreact-native-video.a */,
				077584082619D88B00F436BE /* libReact-perflogger.a */,
				077584092619D88B00F436BE /* libReact-RCTAnimation.a */,
				0775840A2619D88B00F436BE /* libReact-RCTBlob.a */,
				0775840B2619D88B00F436BE /* libReact-RCTImage.a */,
				0775840C2619D88B00F436BE /* libReact-RCTLinking.a */,
				0775840D2619D88B00F436BE /* libReact-RCTNetwork.a */,
				0775840E2619D88B00F436BE /* libReact-RCTSettings.a */,
				0775840F2619D88B00F436BE /* libReact-RCTText.a */,
				077584102619D88B00F436BE /* libReact-RCTVibration.a */,
				077584112619D88B00F436BE /* libReactCommon.a */,
				077584122619D88B00F436BE /* libRNCAsyncStorage.a */,
				077584132619D88B00F436BE /* libRNCMaskedView.a */,
				077584142619D88B00F436BE /* libRNFirebase.a */,
				077584152619D88B00F436BE /* libRNGestureHandler.a */,
				077584162619D88B00F436BE /* libRNReanimated.a */,
				077584172619D88B00F436BE /* libRNScreens.a */,
				077584182619D88B00F436BE /* libRNVectorIcons.a */,
				077584192619D88B00F436BE /* libtoolbar-android.a */,
				0775841A2619D88B00F436BE /* libYoga.a */,
				07908E2B2615D4DB005FAD6D /* libDoubleConversion.a */,
				ED297162215061F000B7C4FE /* JavaScriptCore.framework */,
				C8A03F174B0CEE8010DB4970 /* libPods-AsuCare.a */,
			);
			name = Frameworks;
			sourceTree = "<group>";
		};
		4CD84E388EE340B862C8FB72 /* Pods */ = {
			isa = PBXGroup;
			children = (
				CF5B7A077860177C43D70EE6 /* Pods-AsuCare.debug.xcconfig */,
				D8D921B768A356E008AB0819 /* Pods-AsuCare.release.xcconfig */,
			);
			path = Pods;
			sourceTree = "<group>";
		};
		832341AE1AAA6A7D00B99B32 /* Libraries */ = {
			isa = PBXGroup;
			children = (
			);
			name = Libraries;
			sourceTree = "<group>";
		};
		83CBB9F61A601CBA00E9B192 = {
			isa = PBXGroup;
			children = (
				07306380261B3931001A0E91 /* main.jsbundle */,
				13B07FAE1A68108700A75B9A /* AsuCare */,
				832341AE1AAA6A7D00B99B32 /* Libraries */,
				83CBBA001A601CBA00E9B192 /* Products */,
				2D16E6871FA4F8E400B85C8A /* Frameworks */,
				4CD84E388EE340B862C8FB72 /* Pods */,
			);
			indentWidth = 2;
			sourceTree = "<group>";
			tabWidth = 2;
			usesTabs = 0;
		};
		83CBBA001A601CBA00E9B192 /* Products */ = {
			isa = PBXGroup;
			children = (
				13B07F961A680F5B00A75B9A /* AsuCare.app */,
				00E356EE1AD99517003FC87E /* AsuCareTests.xctest */,
			);
			name = Products;
			sourceTree = "<group>";
		};
/* End PBXGroup section */

/* Begin PBXNativeTarget section */
		00E356ED1AD99517003FC87E /* AsuCareTests */ = {
			isa = PBXNativeTarget;
			buildConfigurationList = 00E357021AD99517003FC87E /* Build configuration list for PBXNativeTarget "AsuCareTests" */;
			buildPhases = (
				00E356EA1AD99517003FC87E /* Sources */,
				00E356EB1AD99517003FC87E /* Frameworks */,
				00E356EC1AD99517003FC87E /* Resources */,
			);
			buildRules = (
			);
			dependencies = (
				00E356F51AD99517003FC87E /* PBXTargetDependency */,
			);
			name = AsuCareTests;
			productName = AsuCareTests;
			productReference = 00E356EE1AD99517003FC87E /* AsuCareTests.xctest */;
			productType = "com.apple.product-type.bundle.unit-test";
		};
		13B07F861A680F5B00A75B9A /* AsuCare */ = {
			isa = PBXNativeTarget;
			buildConfigurationList = 13B07F931A680F5B00A75B9A /* Build configuration list for PBXNativeTarget "AsuCare" */;
			buildPhases = (
				F81912560977689901202468 /* [CP] Check Pods Manifest.lock */,
				FD10A7F022414F080027D42C /* Start Packager */,
				13B07F871A680F5B00A75B9A /* Sources */,
				13B07F8C1A680F5B00A75B9A /* Frameworks */,
				13B07F8E1A680F5B00A75B9A /* Resources */,
				00DD1BFF1BD5951E006B06BC /* Bundle React Native code and images */,
				9426DC23CFC064D99F9A9059 /* [CP] Copy Pods Resources */,
				0775844D2619D88D00F436BE /* Embed Frameworks */,
			);
			buildRules = (
			);
			dependencies = (
			);
			name = AsuCare;
			productName = AsuCare;
			productReference = 13B07F961A680F5B00A75B9A /* AsuCare.app */;
			productType = "com.apple.product-type.application";
		};
/* End PBXNativeTarget section */

/* Begin PBXProject section */
		83CBB9F71A601CBA00E9B192 /* Project object */ = {
			isa = PBXProject;
			attributes = {
				LastUpgradeCheck = 1210;
				TargetAttributes = {
					00E356ED1AD99517003FC87E = {
						CreatedOnToolsVersion = 6.2;
						TestTargetID = 13B07F861A680F5B00A75B9A;
					};
					13B07F861A680F5B00A75B9A = {
						LastSwiftMigration = 1120;
					};
				};
			};
			buildConfigurationList = 83CBB9FA1A601CBA00E9B192 /* Build configuration list for PBXProject "CoronaApp" */;
			compatibilityVersion = "Xcode 12.0";
			developmentRegion = en;
			hasScannedForEncodings = 0;
			knownRegions = (
				en,
				Base,
			);
			mainGroup = 83CBB9F61A601CBA00E9B192;
			productRefGroup = 83CBBA001A601CBA00E9B192 /* Products */;
			projectDirPath = "";
			projectRoot = "";
			targets = (
				13B07F861A680F5B00A75B9A /* AsuCare */,
				00E356ED1AD99517003FC87E /* AsuCareTests */,
			);
		};
/* End PBXProject section */

/* Begin PBXResourcesBuildPhase section */
		00E356EC1AD99517003FC87E /* Resources */ = {
			isa = PBXResourcesBuildPhase;
			buildActionMask = 2147483647;
			files = (
			);
			runOnlyForDeploymentPostprocessing = 0;
		};
		13B07F8E1A680F5B00A75B9A /* Resources */ = {
			isa = PBXResourcesBuildPhase;
			buildActionMask = 2147483647;
			files = (
				0730638A261B458C001A0E91 /* assets in Resources */,
				07908E2626153165005FAD6D /* Images.xcassets in Resources */,
				07908E2826153165005FAD6D /* Base.lproj in Resources */,
				07908E2526153165005FAD6D /* GoogleService-Info.plist in Resources */,
				07306385261B3DE7001A0E91 /* LaunchScreen.storyboard in Resources */,
				07306381261B3931001A0E91 /* main.jsbundle in Resources */,
			);
			runOnlyForDeploymentPostprocessing = 0;
		};
/* End PBXResourcesBuildPhase section */

/* Begin PBXShellScriptBuildPhase section */
		00DD1BFF1BD5951E006B06BC /* Bundle React Native code and images */ = {
			isa = PBXShellScriptBuildPhase;
			buildActionMask = 2147483647;
			files = (
			);
			inputPaths = (
			);
			name = "Bundle React Native code and images";
			outputPaths = (
			);
			runOnlyForDeploymentPostprocessing = 0;
			shellPath = /bin/sh;
			shellScript = "set -e\n\nexport NODE_BINARY=node\n../node_modules/react-native/scripts/react-native-xcode.sh\n";
		};
		9426DC23CFC064D99F9A9059 /* [CP] Copy Pods Resources */ = {
			isa = PBXShellScriptBuildPhase;
			buildActionMask = 12;
			files = (
			);
			inputFileListPaths = (
				"${PODS_ROOT}/Target Support Files/Pods-AsuCare/Pods-AsuCare-resources-${CONFIGURATION}-input-files.xcfilelist",
			);
			name = "[CP] Copy Pods Resources";
			outputFileListPaths = (
				"${PODS_ROOT}/Target Support Files/Pods-AsuCare/Pods-AsuCare-resources-${CONFIGURATION}-output-files.xcfilelist",
			);
			runOnlyForDeploymentPostprocessing = 0;
			shellPath = /bin/sh;
			shellScript = "\"${PODS_ROOT}/Target Support Files/Pods-AsuCare/Pods-AsuCare-resources.sh\"\n";
			showEnvVarsInLog = 0;
		};
		F81912560977689901202468 /* [CP] Check Pods Manifest.lock */ = {
			isa = PBXShellScriptBuildPhase;
			buildActionMask = 2147483647;
			files = (
			);
			inputFileListPaths = (
			);
			inputPaths = (
				"${PODS_PODFILE_DIR_PATH}/Podfile.lock",
				"${PODS_ROOT}/Manifest.lock",
			);
			name = "[CP] Check Pods Manifest.lock";
			outputFileListPaths = (
			);
			outputPaths = (
				"$(DERIVED_FILE_DIR)/Pods-AsuCare-checkManifestLockResult.txt",
			);
			runOnlyForDeploymentPostprocessing = 0;
			shellPath = /bin/sh;
			shellScript = "diff \"${PODS_PODFILE_DIR_PATH}/Podfile.lock\" \"${PODS_ROOT}/Manifest.lock\" > /dev/null\nif [ $? != 0 ] ; then\n    # print error to STDERR\n    echo \"error: The sandbox is not in sync with the Podfile.lock. Run 'pod install' or update your CocoaPods installation.\" >&2\n    exit 1\nfi\n# This output is used by Xcode 'outputs' to avoid re-running this script phase.\necho \"SUCCESS\" > \"${SCRIPT_OUTPUT_FILE_0}\"\n";
			showEnvVarsInLog = 0;
		};
		FD10A7F022414F080027D42C /* Start Packager */ = {
			isa = PBXShellScriptBuildPhase;
			buildActionMask = 2147483647;
			files = (
			);
			inputFileListPaths = (
			);
			inputPaths = (
			);
			name = "Start Packager";
			outputFileListPaths = (
			);
			outputPaths = (
			);
			runOnlyForDeploymentPostprocessing = 0;
			shellPath = /bin/sh;
			shellScript = "export RCT_METRO_PORT=\"${RCT_METRO_PORT:=8081}\"\necho \"export RCT_METRO_PORT=${RCT_METRO_PORT}\" > \"${SRCROOT}/../node_modules/react-native/scripts/.packager.env\"\nif [ -z \"${RCT_NO_LAUNCH_PACKAGER+xxx}\" ] ; then\n  if nc -w 5 -z localhost ${RCT_METRO_PORT} ; then\n    if ! curl -s \"http://localhost:${RCT_METRO_PORT}/status\" | grep -q \"packager-status:running\" ; then\n      echo \"Port ${RCT_METRO_PORT} already in use, packager is either not running or not running correctly\"\n      exit 2\n    fi\n  else\n    open \"$SRCROOT/../node_modules/react-native/scripts/launchPackager.command\" || echo \"Can't start packager automatically\"\n  fi\nfi\n";
			showEnvVarsInLog = 0;
		};
/* End PBXShellScriptBuildPhase section */

/* Begin PBXSourcesBuildPhase section */
		00E356EA1AD99517003FC87E /* Sources */ = {
			isa = PBXSourcesBuildPhase;
			buildActionMask = 2147483647;
			files = (
			);
			runOnlyForDeploymentPostprocessing = 0;
		};
		13B07F871A680F5B00A75B9A /* Sources */ = {
			isa = PBXSourcesBuildPhase;
			buildActionMask = 2147483647;
			files = (
				07908E2A26153165005FAD6D /* main.m in Sources */,
				07908E2726153165005FAD6D /* AppDelegate.m in Sources */,
			);
			runOnlyForDeploymentPostprocessing = 0;
		};
/* End PBXSourcesBuildPhase section */

/* Begin PBXTargetDependency section */
		00E356F51AD99517003FC87E /* PBXTargetDependency */ = {
			isa = PBXTargetDependency;
			target = 13B07F861A680F5B00A75B9A /* AsuCare */;
			targetProxy = 00E356F41AD99517003FC87E /* PBXContainerItemProxy */;
		};
/* End PBXTargetDependency section */

/* Begin XCBuildConfiguration section */
		00E356F61AD99517003FC87E /* Debug */ = {
			isa = XCBuildConfiguration;
			buildSettings = {
				BUNDLE_LOADER = "$(TEST_HOST)";
				GCC_PREPROCESSOR_DEFINITIONS = (
					"DEBUG=1",
					"$(inherited)",
				);
				INFOPLIST_FILE = AsuCareTests/Info.plist;
				IPHONEOS_DEPLOYMENT_TARGET = 10.0;
				LD_RUNPATH_SEARCH_PATHS = (
					"$(inherited)",
					"@executable_path/Frameworks",
					"@loader_path/Frameworks",
				);
				OTHER_LDFLAGS = (
					"-ObjC",
					"-lc++",
					"$(inherited)",
				);
				PRODUCT_BUNDLE_IDENTIFIER = "org.reactjs.native.example.$(PRODUCT_NAME:rfc1034identifier)";
				PRODUCT_NAME = "$(TARGET_NAME)";
				TEST_HOST = "$(BUILT_PRODUCTS_DIR)/AsuCare.app/AsuCare";
			};
			name = Debug;
		};
		00E356F71AD99517003FC87E /* Release */ = {
			isa = XCBuildConfiguration;
			buildSettings = {
				BUNDLE_LOADER = "$(TEST_HOST)";
				COPY_PHASE_STRIP = NO;
				INFOPLIST_FILE = AsuCareTests/Info.plist;
				IPHONEOS_DEPLOYMENT_TARGET = 10.0;
				LD_RUNPATH_SEARCH_PATHS = (
					"$(inherited)",
					"@executable_path/Frameworks",
					"@loader_path/Frameworks",
				);
				OTHER_LDFLAGS = (
					"-ObjC",
					"-lc++",
					"$(inherited)",
				);
				PRODUCT_BUNDLE_IDENTIFIER = "org.reactjs.native.example.$(PRODUCT_NAME:rfc1034identifier)";
				PRODUCT_NAME = "$(TARGET_NAME)";
				TEST_HOST = "$(BUILT_PRODUCTS_DIR)/AsuCare.app/AsuCare";
			};
			name = Release;
		};
		13B07F941A680F5B00A75B9A /* Debug */ = {
			isa = XCBuildConfiguration;
			baseConfigurationReference = CF5B7A077860177C43D70EE6 /* Pods-AsuCare.debug.xcconfig */;
			buildSettings = {
				ASSETCATALOG_COMPILER_APPICON_NAME = AppIcon;
				CLANG_ENABLE_MODULES = YES;
				CURRENT_PROJECT_VERSION = 1;
				DEVELOPMENT_TEAM = PQY9A4XQB6;
				ENABLE_BITCODE = NO;
				INFOPLIST_FILE = "$(SRCROOT)/CoronaApp/Info.plist";
				LD_RUNPATH_SEARCH_PATHS = (
					"$(inherited)",
					"@executable_path/Frameworks",
				);
				LIBRARY_SEARCH_PATHS = (
					"\"${PODS_CONFIGURATION_BUILD_DIR}/DoubleConversion\"",
					"\"${PODS_CONFIGURATION_BUILD_DIR}/FBReactNativeSpec\"",
					"\"${PODS_CONFIGURATION_BUILD_DIR}/FirebaseCore\"",
					"\"${PODS_CONFIGURATION_BUILD_DIR}/FirebaseCoreDiagnostics\"",
					"\"${PODS_CONFIGURATION_BUILD_DIR}/FirebaseInstallations\"",
					"\"${PODS_CONFIGURATION_BUILD_DIR}/GoogleDataTransport\"",
					"\"${PODS_CONFIGURATION_BUILD_DIR}/GoogleUtilities\"",
					"\"${PODS_CONFIGURATION_BUILD_DIR}/PromisesObjC\"",
					"\"${PODS_CONFIGURATION_BUILD_DIR}/RCT-Folly\"",
					"\"${PODS_CONFIGURATION_BUILD_DIR}/RCTTypeSafety\"",
					"\"${PODS_CONFIGURATION_BUILD_DIR}/RNCAsyncStorage\"",
					"\"${PODS_CONFIGURATION_BUILD_DIR}/RNCMaskedView\"",
					"\"${PODS_CONFIGURATION_BUILD_DIR}/RNFirebase\"",
					"\"${PODS_CONFIGURATION_BUILD_DIR}/RNGestureHandler\"",
					"\"${PODS_CONFIGURATION_BUILD_DIR}/RNReanimated\"",
					"\"${PODS_CONFIGURATION_BUILD_DIR}/RNScreens\"",
					"\"${PODS_CONFIGURATION_BUILD_DIR}/RNVectorIcons\"",
					"\"${PODS_CONFIGURATION_BUILD_DIR}/React-Core\"",
					"\"${PODS_CONFIGURATION_BUILD_DIR}/React-CoreModules\"",
					"\"${PODS_CONFIGURATION_BUILD_DIR}/React-RCTAnimation\"",
					"\"${PODS_CONFIGURATION_BUILD_DIR}/React-RCTBlob\"",
					"\"${PODS_CONFIGURATION_BUILD_DIR}/React-RCTImage\"",
					"\"${PODS_CONFIGURATION_BUILD_DIR}/React-RCTLinking\"",
					"\"${PODS_CONFIGURATION_BUILD_DIR}/React-RCTNetwork\"",
					"\"${PODS_CONFIGURATION_BUILD_DIR}/React-RCTSettings\"",
					"\"${PODS_CONFIGURATION_BUILD_DIR}/React-RCTText\"",
					"\"${PODS_CONFIGURATION_BUILD_DIR}/React-RCTVibration\"",
					"\"${PODS_CONFIGURATION_BUILD_DIR}/React-cxxreact\"",
					"\"${PODS_CONFIGURATION_BUILD_DIR}/React-jsi\"",
					"\"${PODS_CONFIGURATION_BUILD_DIR}/React-jsiexecutor\"",
					"\"${PODS_CONFIGURATION_BUILD_DIR}/React-jsinspector\"",
					"\"${PODS_CONFIGURATION_BUILD_DIR}/React-perflogger\"",
					"\"${PODS_CONFIGURATION_BUILD_DIR}/ReactCommon\"",
					"\"${PODS_CONFIGURATION_BUILD_DIR}/Yoga\"",
					"\"${PODS_CONFIGURATION_BUILD_DIR}/glog\"",
					"\"${PODS_CONFIGURATION_BUILD_DIR}/nanopb\"",
					"\"${PODS_CONFIGURATION_BUILD_DIR}/react-native-background-timer\"",
					"\"${PODS_CONFIGURATION_BUILD_DIR}/react-native-cookies\"",
					"\"${PODS_CONFIGURATION_BUILD_DIR}/react-native-image-picker\"",
					"\"${PODS_CONFIGURATION_BUILD_DIR}/react-native-progress-view\"",
					"\"${PODS_CONFIGURATION_BUILD_DIR}/react-native-safe-area-context\"",
					"\"${PODS_CONFIGURATION_BUILD_DIR}/react-native-video\"",
					"\"${PODS_CONFIGURATION_BUILD_DIR}/toolbar-android\"",
				);
				OTHER_LDFLAGS = (
					"$(inherited)",
					"-ObjC",
					"-lc++",
				);
				PRODUCT_BUNDLE_IDENTIFIER = "org.reactjs.native.example.$(PRODUCT_NAME:rfc1034identifier)";
				PRODUCT_NAME = AsuCare;
				SWIFT_OPTIMIZATION_LEVEL = "-Onone";
				SWIFT_VERSION = 5.0;
				VERSIONING_SYSTEM = "apple-generic";
			};
			name = Debug;
		};
		13B07F951A680F5B00A75B9A /* Release */ = {
			isa = XCBuildConfiguration;
			baseConfigurationReference = D8D921B768A356E008AB0819 /* Pods-AsuCare.release.xcconfig */;
			buildSettings = {
				ASSETCATALOG_COMPILER_APPICON_NAME = AppIcon;
				CLANG_ENABLE_MODULES = YES;
				CURRENT_PROJECT_VERSION = 1;
				DEVELOPMENT_TEAM = PQY9A4XQB6;
				INFOPLIST_FILE = "$(SRCROOT)/CoronaApp/Info.plist";
				LD_RUNPATH_SEARCH_PATHS = (
					"$(inherited)",
					"@executable_path/Frameworks",
				);
				LIBRARY_SEARCH_PATHS = (
					"\"${PODS_CONFIGURATION_BUILD_DIR}/DoubleConversion\"",
					"\"${PODS_CONFIGURATION_BUILD_DIR}/FBReactNativeSpec\"",
					"\"${PODS_CONFIGURATION_BUILD_DIR}/FirebaseCore\"",
					"\"${PODS_CONFIGURATION_BUILD_DIR}/FirebaseCoreDiagnostics\"",
					"\"${PODS_CONFIGURATION_BUILD_DIR}/FirebaseInstallations\"",
					"\"${PODS_CONFIGURATION_BUILD_DIR}/GoogleDataTransport\"",
					"\"${PODS_CONFIGURATION_BUILD_DIR}/GoogleUtilities\"",
					"\"${PODS_CONFIGURATION_BUILD_DIR}/PromisesObjC\"",
					"\"${PODS_CONFIGURATION_BUILD_DIR}/RCT-Folly\"",
					"\"${PODS_CONFIGURATION_BUILD_DIR}/RCTTypeSafety\"",
					"\"${PODS_CONFIGURATION_BUILD_DIR}/RNCAsyncStorage\"",
					"\"${PODS_CONFIGURATION_BUILD_DIR}/RNCMaskedView\"",
					"\"${PODS_CONFIGURATION_BUILD_DIR}/RNFirebase\"",
					"\"${PODS_CONFIGURATION_BUILD_DIR}/RNGestureHandler\"",
					"\"${PODS_CONFIGURATION_BUILD_DIR}/RNReanimated\"",
					"\"${PODS_CONFIGURATION_BUILD_DIR}/RNScreens\"",
					"\"${PODS_CONFIGURATION_BUILD_DIR}/RNVectorIcons\"",
					"\"${PODS_CONFIGURATION_BUILD_DIR}/React-Core\"",
					"\"${PODS_CONFIGURATION_BUILD_DIR}/React-CoreModules\"",
					"\"${PODS_CONFIGURATION_BUILD_DIR}/React-RCTAnimation\"",
					"\"${PODS_CONFIGURATION_BUILD_DIR}/React-RCTBlob\"",
					"\"${PODS_CONFIGURATION_BUILD_DIR}/React-RCTImage\"",
					"\"${PODS_CONFIGURATION_BUILD_DIR}/React-RCTLinking\"",
					"\"${PODS_CONFIGURATION_BUILD_DIR}/React-RCTNetwork\"",
					"\"${PODS_CONFIGURATION_BUILD_DIR}/React-RCTSettings\"",
					"\"${PODS_CONFIGURATION_BUILD_DIR}/React-RCTText\"",
					"\"${PODS_CONFIGURATION_BUILD_DIR}/React-RCTVibration\"",
					"\"${PODS_CONFIGURATION_BUILD_DIR}/React-cxxreact\"",
					"\"${PODS_CONFIGURATION_BUILD_DIR}/React-jsi\"",
					"\"${PODS_CONFIGURATION_BUILD_DIR}/React-jsiexecutor\"",
					"\"${PODS_CONFIGURATION_BUILD_DIR}/React-jsinspector\"",
					"\"${PODS_CONFIGURATION_BUILD_DIR}/React-perflogger\"",
					"\"${PODS_CONFIGURATION_BUILD_DIR}/ReactCommon\"",
					"\"${PODS_CONFIGURATION_BUILD_DIR}/Yoga\"",
					"\"${PODS_CONFIGURATION_BUILD_DIR}/glog\"",
					"\"${PODS_CONFIGURATION_BUILD_DIR}/nanopb\"",
					"\"${PODS_CONFIGURATION_BUILD_DIR}/react-native-background-timer\"",
					"\"${PODS_CONFIGURATION_BUILD_DIR}/react-native-cookies\"",
					"\"${PODS_CONFIGURATION_BUILD_DIR}/react-native-image-picker\"",
					"\"${PODS_CONFIGURATION_BUILD_DIR}/react-native-progress-view\"",
					"\"${PODS_CONFIGURATION_BUILD_DIR}/react-native-safe-area-context\"",
					"\"${PODS_CONFIGURATION_BUILD_DIR}/react-native-video\"",
					"\"${PODS_CONFIGURATION_BUILD_DIR}/toolbar-android\"",
				);
				OTHER_LDFLAGS = (
					"$(inherited)",
					"-ObjC",
					"-lc++",
				);
				PRODUCT_BUNDLE_IDENTIFIER = "org.reactjs.native.example.$(PRODUCT_NAME:rfc1034identifier)";
				PRODUCT_NAME = AsuCare;
				SWIFT_VERSION = 5.0;
				VERSIONING_SYSTEM = "apple-generic";
			};
			name = Release;
		};
		83CBBA201A601CBA00E9B192 /* Debug */ = {
			isa = XCBuildConfiguration;
			buildSettings = {
				ALWAYS_SEARCH_USER_PATHS = NO;
				CLANG_ANALYZER_LOCALIZABILITY_NONLOCALIZED = YES;
				CLANG_CXX_LANGUAGE_STANDARD = "gnu++0x";
				CLANG_CXX_LIBRARY = "libc++";
				CLANG_ENABLE_MODULES = YES;
				CLANG_ENABLE_OBJC_ARC = YES;
				CLANG_WARN_BLOCK_CAPTURE_AUTORELEASING = YES;
				CLANG_WARN_BOOL_CONVERSION = YES;
				CLANG_WARN_COMMA = YES;
				CLANG_WARN_CONSTANT_CONVERSION = YES;
				CLANG_WARN_DEPRECATED_OBJC_IMPLEMENTATIONS = YES;
				CLANG_WARN_DIRECT_OBJC_ISA_USAGE = YES_ERROR;
				CLANG_WARN_EMPTY_BODY = YES;
				CLANG_WARN_ENUM_CONVERSION = YES;
				CLANG_WARN_INFINITE_RECURSION = YES;
				CLANG_WARN_INT_CONVERSION = YES;
				CLANG_WARN_NON_LITERAL_NULL_CONVERSION = YES;
				CLANG_WARN_OBJC_IMPLICIT_RETAIN_SELF = YES;
				CLANG_WARN_OBJC_LITERAL_CONVERSION = YES;
				CLANG_WARN_OBJC_ROOT_CLASS = YES_ERROR;
				CLANG_WARN_QUOTED_INCLUDE_IN_FRAMEWORK_HEADER = YES;
				CLANG_WARN_RANGE_LOOP_ANALYSIS = YES;
				CLANG_WARN_STRICT_PROTOTYPES = YES;
				CLANG_WARN_SUSPICIOUS_MOVE = YES;
				CLANG_WARN_UNREACHABLE_CODE = YES;
				CLANG_WARN__DUPLICATE_METHOD_MATCH = YES;
				"CODE_SIGN_IDENTITY[sdk=iphoneos*]" = "iPhone Developer";
				COPY_PHASE_STRIP = NO;
				ENABLE_STRICT_OBJC_MSGSEND = YES;
				ENABLE_TESTABILITY = YES;
				"EXCLUDED_ARCHS[sdk=iphonesimulator*]" = "arm64 ";
				GCC_C_LANGUAGE_STANDARD = gnu99;
				GCC_DYNAMIC_NO_PIC = NO;
				GCC_NO_COMMON_BLOCKS = YES;
				GCC_OPTIMIZATION_LEVEL = 0;
				GCC_PREPROCESSOR_DEFINITIONS = (
					"DEBUG=1",
					"$(inherited)",
				);
				GCC_SYMBOLS_PRIVATE_EXTERN = NO;
				GCC_WARN_64_TO_32_BIT_CONVERSION = YES;
				GCC_WARN_ABOUT_RETURN_TYPE = YES_ERROR;
				GCC_WARN_UNDECLARED_SELECTOR = YES;
				GCC_WARN_UNINITIALIZED_AUTOS = YES_AGGRESSIVE;
				GCC_WARN_UNUSED_FUNCTION = YES;
				GCC_WARN_UNUSED_VARIABLE = YES;
				IPHONEOS_DEPLOYMENT_TARGET = 10.0;
				LD_RUNPATH_SEARCH_PATHS = (
					/usr/lib/swift,
					"$(inherited)",
				);
				LIBRARY_SEARCH_PATHS = (
					"\"$(TOOLCHAIN_DIR)/usr/lib/swift/$(PLATFORM_NAME)\"",
					"\"$(TOOLCHAIN_DIR)/usr/lib/swift-5.0/$(PLATFORM_NAME)\"",
					"\"$(inherited)\"",
				);
				MTL_ENABLE_DEBUG_INFO = YES;
				ONLY_ACTIVE_ARCH = YES;
				SDKROOT = iphoneos;
				STRIP_INSTALLED_PRODUCT = YES;
			};
			name = Debug;
		};
		83CBBA211A601CBA00E9B192 /* Release */ = {
			isa = XCBuildConfiguration;
			buildSettings = {
				ALWAYS_SEARCH_USER_PATHS = NO;
				CLANG_ANALYZER_LOCALIZABILITY_NONLOCALIZED = YES;
				CLANG_CXX_LANGUAGE_STANDARD = "gnu++0x";
				CLANG_CXX_LIBRARY = "libc++";
				CLANG_ENABLE_MODULES = YES;
				CLANG_ENABLE_OBJC_ARC = YES;
				CLANG_WARN_BLOCK_CAPTURE_AUTORELEASING = YES;
				CLANG_WARN_BOOL_CONVERSION = YES;
				CLANG_WARN_COMMA = YES;
				CLANG_WARN_CONSTANT_CONVERSION = YES;
				CLANG_WARN_DEPRECATED_OBJC_IMPLEMENTATIONS = YES;
				CLANG_WARN_DIRECT_OBJC_ISA_USAGE = YES_ERROR;
				CLANG_WARN_EMPTY_BODY = YES;
				CLANG_WARN_ENUM_CONVERSION = YES;
				CLANG_WARN_INFINITE_RECURSION = YES;
				CLANG_WARN_INT_CONVERSION = YES;
				CLANG_WARN_NON_LITERAL_NULL_CONVERSION = YES;
				CLANG_WARN_OBJC_IMPLICIT_RETAIN_SELF = YES;
				CLANG_WARN_OBJC_LITERAL_CONVERSION = YES;
				CLANG_WARN_OBJC_ROOT_CLASS = YES_ERROR;
				CLANG_WARN_QUOTED_INCLUDE_IN_FRAMEWORK_HEADER = YES;
				CLANG_WARN_RANGE_LOOP_ANALYSIS = YES;
				CLANG_WARN_STRICT_PROTOTYPES = YES;
				CLANG_WARN_SUSPICIOUS_MOVE = YES;
				CLANG_WARN_UNREACHABLE_CODE = YES;
				CLANG_WARN__DUPLICATE_METHOD_MATCH = YES;
				"CODE_SIGN_IDENTITY[sdk=iphoneos*]" = "iPhone Developer";
				COPY_PHASE_STRIP = YES;
				ENABLE_NS_ASSERTIONS = NO;
				ENABLE_STRICT_OBJC_MSGSEND = YES;
				"EXCLUDED_ARCHS[sdk=iphonesimulator*]" = "arm64 ";
				GCC_C_LANGUAGE_STANDARD = gnu99;
				GCC_NO_COMMON_BLOCKS = YES;
				GCC_WARN_64_TO_32_BIT_CONVERSION = YES;
				GCC_WARN_ABOUT_RETURN_TYPE = YES_ERROR;
				GCC_WARN_UNDECLARED_SELECTOR = YES;
				GCC_WARN_UNINITIALIZED_AUTOS = YES_AGGRESSIVE;
				GCC_WARN_UNUSED_FUNCTION = YES;
				GCC_WARN_UNUSED_VARIABLE = YES;
				IPHONEOS_DEPLOYMENT_TARGET = 10.0;
				LD_RUNPATH_SEARCH_PATHS = (
					/usr/lib/swift,
					"$(inherited)",
				);
				LIBRARY_SEARCH_PATHS = (
					"\"$(TOOLCHAIN_DIR)/usr/lib/swift/$(PLATFORM_NAME)\"",
					"\"$(TOOLCHAIN_DIR)/usr/lib/swift-5.0/$(PLATFORM_NAME)\"",
					"\"$(inherited)\"",
				);
				MTL_ENABLE_DEBUG_INFO = NO;
				SDKROOT = iphoneos;
				STRIP_INSTALLED_PRODUCT = YES;
				VALIDATE_PRODUCT = YES;
			};
			name = Release;
		};
/* End XCBuildConfiguration section */

/* Begin XCConfigurationList section */
		00E357021AD99517003FC87E /* Build configuration list for PBXNativeTarget "AsuCareTests" */ = {
			isa = XCConfigurationList;
			buildConfigurations = (
				00E356F61AD99517003FC87E /* Debug */,
				00E356F71AD99517003FC87E /* Release */,
			);
			defaultConfigurationIsVisible = 0;
			defaultConfigurationName = Release;
		};
		13B07F931A680F5B00A75B9A /* Build configuration list for PBXNativeTarget "AsuCare" */ = {
			isa = XCConfigurationList;
			buildConfigurations = (
				13B07F941A680F5B00A75B9A /* Debug */,
				13B07F951A680F5B00A75B9A /* Release */,
			);
			defaultConfigurationIsVisible = 0;
			defaultConfigurationName = Release;
		};
		83CBB9FA1A601CBA00E9B192 /* Build configuration list for PBXProject "CoronaApp" */ = {
			isa = XCConfigurationList;
			buildConfigurations = (
				83CBBA201A601CBA00E9B192 /* Debug */,
				83CBBA211A601CBA00E9B192 /* Release */,
			);
			defaultConfigurationIsVisible = 0;
			defaultConfigurationName = Release;
		};
/* End XCConfigurationList section */
	};
	rootObject = 83CBB9F71A601CBA00E9B192 /* Project object */;
}
